// !$*UTF8*$!
{
	archiveVersion = 1;
	classes = {
	};
	objectVersion = 46;
	objects = {

/* Begin PBXBuildFile section */
		1906CE081CA4E0B600F8FA6F /* UIView+WZLNightTheme.m in Sources */ = {isa = PBXBuildFile; fileRef = 1906CE021CA4E0B600F8FA6F /* UIView+WZLNightTheme.m */; };
		1906CE091CA4E0B600F8FA6F /* UIView+HookNightTheme.m in Sources */ = {isa = PBXBuildFile; fileRef = 1906CE071CA4E0B600F8FA6F /* UIView+HookNightTheme.m */; };
		1906CE0C1CA4E19D00F8FA6F /* UILabel+WZLNightTheme.m in Sources */ = {isa = PBXBuildFile; fileRef = 1906CE0B1CA4E19D00F8FA6F /* UILabel+WZLNightTheme.m */; };
		1906CE0F1CA4E1BC00F8FA6F /* UINavigationBar+WZLNightTheme.m in Sources */ = {isa = PBXBuildFile; fileRef = 1906CE0E1CA4E1BC00F8FA6F /* UINavigationBar+WZLNightTheme.m */; };
		19F0C73C1CA290F900936081 /* main.m in Sources */ = {isa = PBXBuildFile; fileRef = 19F0C73B1CA290F900936081 /* main.m */; };
		19F0C73F1CA290F900936081 /* AppDelegate.m in Sources */ = {isa = PBXBuildFile; fileRef = 19F0C73E1CA290F900936081 /* AppDelegate.m */; };
		19F0C7421CA290F900936081 /* ViewController.m in Sources */ = {isa = PBXBuildFile; fileRef = 19F0C7411CA290F900936081 /* ViewController.m */; };
		19F0C7451CA290F900936081 /* Main.storyboard in Resources */ = {isa = PBXBuildFile; fileRef = 19F0C7431CA290F900936081 /* Main.storyboard */; };
		19F0C7471CA290F900936081 /* Assets.xcassets in Resources */ = {isa = PBXBuildFile; fileRef = 19F0C7461CA290F900936081 /* Assets.xcassets */; };
		19F0C74A1CA290F900936081 /* LaunchScreen.storyboard in Resources */ = {isa = PBXBuildFile; fileRef = 19F0C7481CA290F900936081 /* LaunchScreen.storyboard */; };
		19F0C7551CA290F900936081 /* WZLNightThemeToolDemoTests.m in Sources */ = {isa = PBXBuildFile; fileRef = 19F0C7541CA290F900936081 /* WZLNightThemeToolDemoTests.m */; };
		19F0C7661CA2CA6600936081 /* WZLNightThemeTool.m in Sources */ = {isa = PBXBuildFile; fileRef = 19F0C7651CA2CA6600936081 /* WZLNightThemeTool.m */; };
/* End PBXBuildFile section */

/* Begin PBXContainerItemProxy section */
		19F0C7511CA290F900936081 /* PBXContainerItemProxy */ = {
			isa = PBXContainerItemProxy;
			containerPortal = 19F0C72F1CA290F900936081 /* Project object */;
			proxyType = 1;
			remoteGlobalIDString = 19F0C7361CA290F900936081;
			remoteInfo = WZLNightThemeToolDemo;
		};
/* End PBXContainerItemProxy section */

/* Begin PBXFileReference section */
		1906CE011CA4E0B600F8FA6F /* UIView+WZLNightTheme.h */ = {isa = PBXFileReference; fileEncoding = 4; lastKnownFileType = sourcecode.c.h; path = "UIView+WZLNightTheme.h"; sourceTree = "<group>"; };
		1906CE021CA4E0B600F8FA6F /* UIView+WZLNightTheme.m */ = {isa = PBXFileReference; fileEncoding = 4; lastKnownFileType = sourcecode.c.objc; path = "UIView+WZLNightTheme.m"; sourceTree = "<group>"; };
		1906CE041CA4E0B600F8FA6F /* WZLNightDebug.h */ = {isa = PBXFileReference; fileEncoding = 4; lastKnownFileType = sourcecode.c.h; path = WZLNightDebug.h; sourceTree = "<group>"; };
		1906CE061CA4E0B600F8FA6F /* UIView+HookNightTheme.h */ = {isa = PBXFileReference; fileEncoding = 4; lastKnownFileType = sourcecode.c.h; path = "UIView+HookNightTheme.h"; sourceTree = "<group>"; };
		1906CE071CA4E0B600F8FA6F /* UIView+HookNightTheme.m */ = {isa = PBXFileReference; fileEncoding = 4; lastKnownFileType = sourcecode.c.objc; path = "UIView+HookNightTheme.m"; sourceTree = "<group>"; };
		1906CE0A1CA4E19D00F8FA6F /* UILabel+WZLNightTheme.h */ = {isa = PBXFileReference; fileEncoding = 4; lastKnownFileType = sourcecode.c.h; path = "UILabel+WZLNightTheme.h"; sourceTree = "<group>"; };
		1906CE0B1CA4E19D00F8FA6F /* UILabel+WZLNightTheme.m */ = {isa = PBXFileReference; fileEncoding = 4; lastKnownFileType = sourcecode.c.objc; path = "UILabel+WZLNightTheme.m"; sourceTree = "<group>"; };
		1906CE0D1CA4E1BC00F8FA6F /* UINavigationBar+WZLNightTheme.h */ = {isa = PBXFileReference; fileEncoding = 4; lastKnownFileType = sourcecode.c.h; path = "UINavigationBar+WZLNightTheme.h"; sourceTree = "<group>"; };
		1906CE0E1CA4E1BC00F8FA6F /* UINavigationBar+WZLNightTheme.m */ = {isa = PBXFileReference; fileEncoding = 4; lastKnownFileType = sourcecode.c.objc; path = "UINavigationBar+WZLNightTheme.m"; sourceTree = "<group>"; };
		1906CE101CA4E24800F8FA6F /* WZLNightCategoryImport.h */ = {isa = PBXFileReference; fileEncoding = 4; lastKnownFileType = sourcecode.c.h; path = WZLNightCategoryImport.h; sourceTree = "<group>"; };
		19EBE2971CA3843C00BBFE89 /* precompile.pch */ = {isa = PBXFileReference; fileEncoding = 4; lastKnownFileType = sourcecode.c.h; path = precompile.pch; sourceTree = "<group>"; };
		19F0C7371CA290F900936081 /* WZLNightThemeToolDemo.app */ = {isa = PBXFileReference; explicitFileType = wrapper.application; includeInIndex = 0; path = WZLNightThemeToolDemo.app; sourceTree = BUILT_PRODUCTS_DIR; };
		19F0C73B1CA290F900936081 /* main.m */ = {isa = PBXFileReference; lastKnownFileType = sourcecode.c.objc; path = main.m; sourceTree = "<group>"; };
		19F0C73D1CA290F900936081 /* AppDelegate.h */ = {isa = PBXFileReference; lastKnownFileType = sourcecode.c.h; path = AppDelegate.h; sourceTree = "<group>"; };
		19F0C73E1CA290F900936081 /* AppDelegate.m */ = {isa = PBXFileReference; lastKnownFileType = sourcecode.c.objc; path = AppDelegate.m; sourceTree = "<group>"; };
		19F0C7401CA290F900936081 /* ViewController.h */ = {isa = PBXFileReference; lastKnownFileType = sourcecode.c.h; path = ViewController.h; sourceTree = "<group>"; };
		19F0C7411CA290F900936081 /* ViewController.m */ = {isa = PBXFileReference; lastKnownFileType = sourcecode.c.objc; path = ViewController.m; sourceTree = "<group>"; };
		19F0C7441CA290F900936081 /* Base */ = {isa = PBXFileReference; lastKnownFileType = file.storyboard; name = Base; path = Base.lproj/Main.storyboard; sourceTree = "<group>"; };
		19F0C7461CA290F900936081 /* Assets.xcassets */ = {isa = PBXFileReference; lastKnownFileType = folder.assetcatalog; path = Assets.xcassets; sourceTree = "<group>"; };
		19F0C7491CA290F900936081 /* Base */ = {isa = PBXFileReference; lastKnownFileType = file.storyboard; name = Base; path = Base.lproj/LaunchScreen.storyboard; sourceTree = "<group>"; };
		19F0C74B1CA290F900936081 /* Info.plist */ = {isa = PBXFileReference; lastKnownFileType = text.plist.xml; path = Info.plist; sourceTree = "<group>"; };
		19F0C7501CA290F900936081 /* WZLNightThemeToolDemoTests.xctest */ = {isa = PBXFileReference; explicitFileType = wrapper.cfbundle; includeInIndex = 0; path = WZLNightThemeToolDemoTests.xctest; sourceTree = BUILT_PRODUCTS_DIR; };
		19F0C7541CA290F900936081 /* WZLNightThemeToolDemoTests.m */ = {isa = PBXFileReference; lastKnownFileType = sourcecode.c.objc; path = WZLNightThemeToolDemoTests.m; sourceTree = "<group>"; };
		19F0C7561CA290F900936081 /* Info.plist */ = {isa = PBXFileReference; lastKnownFileType = text.plist.xml; path = Info.plist; sourceTree = "<group>"; };
		19F0C7641CA2CA6600936081 /* WZLNightThemeTool.h */ = {isa = PBXFileReference; fileEncoding = 4; lastKnownFileType = sourcecode.c.h; path = WZLNightThemeTool.h; sourceTree = "<group>"; };
		19F0C7651CA2CA6600936081 /* WZLNightThemeTool.m */ = {isa = PBXFileReference; fileEncoding = 4; lastKnownFileType = sourcecode.c.objc; path = WZLNightThemeTool.m; sourceTree = "<group>"; };
/* End PBXFileReference section */

/* Begin PBXFrameworksBuildPhase section */
		19F0C7341CA290F900936081 /* Frameworks */ = {
			isa = PBXFrameworksBuildPhase;
			buildActionMask = 2147483647;
			files = (
			);
			runOnlyForDeploymentPostprocessing = 0;
		};
		19F0C74D1CA290F900936081 /* Frameworks */ = {
			isa = PBXFrameworksBuildPhase;
			buildActionMask = 2147483647;
			files = (
			);
			runOnlyForDeploymentPostprocessing = 0;
		};
/* End PBXFrameworksBuildPhase section */

/* Begin PBXGroup section */
		1906CE001CA4E0B600F8FA6F /* Caregory */ = {
			isa = PBXGroup;
			children = (
				1906CE101CA4E24800F8FA6F /* WZLNightCategoryImport.h */,
				1906CE011CA4E0B600F8FA6F /* UIView+WZLNightTheme.h */,
				1906CE021CA4E0B600F8FA6F /* UIView+WZLNightTheme.m */,
				1906CE0A1CA4E19D00F8FA6F /* UILabel+WZLNightTheme.h */,
				1906CE0B1CA4E19D00F8FA6F /* UILabel+WZLNightTheme.m */,
				1906CE0D1CA4E1BC00F8FA6F /* UINavigationBar+WZLNightTheme.h */,
				1906CE0E1CA4E1BC00F8FA6F /* UINavigationBar+WZLNightTheme.m */,
			);
			path = Caregory;
			sourceTree = "<group>";
		};
		1906CE031CA4E0B600F8FA6F /* Debug */ = {
			isa = PBXGroup;
			children = (
				1906CE041CA4E0B600F8FA6F /* WZLNightDebug.h */,
			);
			path = Debug;
			sourceTree = "<group>";
		};
		1906CE051CA4E0B600F8FA6F /* Hook */ = {
			isa = PBXGroup;
			children = (
				1906CE061CA4E0B600F8FA6F /* UIView+HookNightTheme.h */,
				1906CE071CA4E0B600F8FA6F /* UIView+HookNightTheme.m */,
			);
			path = Hook;
			sourceTree = "<group>";
		};
		19F0C72E1CA290F900936081 = {
			isa = PBXGroup;
			children = (
				19F0C75F1CA2911D00936081 /* WZLNightThemeTool */,
				19F0C7391CA290F900936081 /* WZLNightThemeToolDemo */,
				19F0C7531CA290F900936081 /* WZLNightThemeToolDemoTests */,
				19F0C7381CA290F900936081 /* Products */,
			);
			sourceTree = "<group>";
		};
		19F0C7381CA290F900936081 /* Products */ = {
			isa = PBXGroup;
			children = (
				19F0C7371CA290F900936081 /* WZLNightThemeToolDemo.app */,
				19F0C7501CA290F900936081 /* WZLNightThemeToolDemoTests.xctest */,
			);
			name = Products;
			sourceTree = "<group>";
		};
		19F0C7391CA290F900936081 /* WZLNightThemeToolDemo */ = {
			isa = PBXGroup;
			children = (
				19F0C73D1CA290F900936081 /* AppDelegate.h */,
				19F0C73E1CA290F900936081 /* AppDelegate.m */,
				19F0C7401CA290F900936081 /* ViewController.h */,
				19F0C7411CA290F900936081 /* ViewController.m */,
				19F0C7431CA290F900936081 /* Main.storyboard */,
				19F0C7461CA290F900936081 /* Assets.xcassets */,
				19F0C7481CA290F900936081 /* LaunchScreen.storyboard */,
				19F0C74B1CA290F900936081 /* Info.plist */,
				19F0C73A1CA290F900936081 /* Supporting Files */,
			);
			path = WZLNightThemeToolDemo;
			sourceTree = "<group>";
		};
		19F0C73A1CA290F900936081 /* Supporting Files */ = {
			isa = PBXGroup;
			children = (
				19F0C73B1CA290F900936081 /* main.m */,
				19EBE2971CA3843C00BBFE89 /* precompile.pch */,
			);
			name = "Supporting Files";
			sourceTree = "<group>";
		};
		19F0C7531CA290F900936081 /* WZLNightThemeToolDemoTests */ = {
			isa = PBXGroup;
			children = (
				19F0C7541CA290F900936081 /* WZLNightThemeToolDemoTests.m */,
				19F0C7561CA290F900936081 /* Info.plist */,
			);
			path = WZLNightThemeToolDemoTests;
			sourceTree = "<group>";
		};
		19F0C75F1CA2911D00936081 /* WZLNightThemeTool */ = {
			isa = PBXGroup;
			children = (
				1906CE001CA4E0B600F8FA6F /* Caregory */,
				1906CE031CA4E0B600F8FA6F /* Debug */,
				1906CE051CA4E0B600F8FA6F /* Hook */,
				19F0C7641CA2CA6600936081 /* WZLNightThemeTool.h */,
				19F0C7651CA2CA6600936081 /* WZLNightThemeTool.m */,
			);
			path = WZLNightThemeTool;
			sourceTree = "<group>";
		};
/* End PBXGroup section */

/* Begin PBXNativeTarget section */
		19F0C7361CA290F900936081 /* WZLNightThemeToolDemo */ = {
			isa = PBXNativeTarget;
			buildConfigurationList = 19F0C7591CA290F900936081 /* Build configuration list for PBXNativeTarget "WZLNightThemeToolDemo" */;
			buildPhases = (
				19F0C7331CA290F900936081 /* Sources */,
				19F0C7341CA290F900936081 /* Frameworks */,
				19F0C7351CA290F900936081 /* Resources */,
			);
			buildRules = (
			);
			dependencies = (
			);
			name = WZLNightThemeToolDemo;
			productName = WZLNightThemeToolDemo;
			productReference = 19F0C7371CA290F900936081 /* WZLNightThemeToolDemo.app */;
			productType = "com.apple.product-type.application";
		};
		19F0C74F1CA290F900936081 /* WZLNightThemeToolDemoTests */ = {
			isa = PBXNativeTarget;
			buildConfigurationList = 19F0C75C1CA290F900936081 /* Build configuration list for PBXNativeTarget "WZLNightThemeToolDemoTests" */;
			buildPhases = (
				19F0C74C1CA290F900936081 /* Sources */,
				19F0C74D1CA290F900936081 /* Frameworks */,
				19F0C74E1CA290F900936081 /* Resources */,
			);
			buildRules = (
			);
			dependencies = (
				19F0C7521CA290F900936081 /* PBXTargetDependency */,
			);
			name = WZLNightThemeToolDemoTests;
			productName = WZLNightThemeToolDemoTests;
			productReference = 19F0C7501CA290F900936081 /* WZLNightThemeToolDemoTests.xctest */;
			productType = "com.apple.product-type.bundle.unit-test";
		};
/* End PBXNativeTarget section */

/* Begin PBXProject section */
		19F0C72F1CA290F900936081 /* Project object */ = {
			isa = PBXProject;
			attributes = {
				LastUpgradeCheck = 0720;
				ORGANIZATIONNAME = "Weng-Zilin(http://www.cnblogs.com/wengzilin/)";
				TargetAttributes = {
					19F0C7361CA290F900936081 = {
						CreatedOnToolsVersion = 7.2;
					};
					19F0C74F1CA290F900936081 = {
						CreatedOnToolsVersion = 7.2;
						TestTargetID = 19F0C7361CA290F900936081;
					};
				};
			};
			buildConfigurationList = 19F0C7321CA290F900936081 /* Build configuration list for PBXProject "WZLNightThemeToolDemo" */;
			compatibilityVersion = "Xcode 3.2";
			developmentRegion = English;
			hasScannedForEncodings = 0;
			knownRegions = (
				en,
				Base,
			);
			mainGroup = 19F0C72E1CA290F900936081;
			productRefGroup = 19F0C7381CA290F900936081 /* Products */;
			projectDirPath = "";
			projectRoot = "";
			targets = (
				19F0C7361CA290F900936081 /* WZLNightThemeToolDemo */,
				19F0C74F1CA290F900936081 /* WZLNightThemeToolDemoTests */,
			);
		};
/* End PBXProject section */

/* Begin PBXResourcesBuildPhase section */
		19F0C7351CA290F900936081 /* Resources */ = {
			isa = PBXResourcesBuildPhase;
			buildActionMask = 2147483647;
			files = (
				19F0C74A1CA290F900936081 /* LaunchScreen.storyboard in Resources */,
				19F0C7471CA290F900936081 /* Assets.xcassets in Resources */,
				19F0C7451CA290F900936081 /* Main.storyboard in Resources */,
			);
			runOnlyForDeploymentPostprocessing = 0;
		};
		19F0C74E1CA290F900936081 /* Resources */ = {
			isa = PBXResourcesBuildPhase;
			buildActionMask = 2147483647;
			files = (
			);
			runOnlyForDeploymentPostprocessing = 0;
		};
/* End PBXResourcesBuildPhase section */

/* Begin PBXSourcesBuildPhase section */
		19F0C7331CA290F900936081 /* Sources */ = {
			isa = PBXSourcesBuildPhase;
			buildActionMask = 2147483647;
			files = (
				19F0C7421CA290F900936081 /* ViewController.m in Sources */,
				19F0C7661CA2CA6600936081 /* WZLNightThemeTool.m in Sources */,
				1906CE0F1CA4E1BC00F8FA6F /* UINavigationBar+WZLNightTheme.m in Sources */,
				1906CE081CA4E0B600F8FA6F /* UIView+WZLNightTheme.m in Sources */,
				19F0C73F1CA290F900936081 /* AppDelegate.m in Sources */,
				1906CE091CA4E0B600F8FA6F /* UIView+HookNightTheme.m in Sources */,
				19F0C73C1CA290F900936081 /* main.m in Sources */,
				1906CE0C1CA4E19D00F8FA6F /* UILabel+WZLNightTheme.m in Sources */,
			);
			runOnlyForDeploymentPostprocessing = 0;
		};
		19F0C74C1CA290F900936081 /* Sources */ = {
			isa = PBXSourcesBuildPhase;
			buildActionMask = 2147483647;
			files = (
				19F0C7551CA290F900936081 /* WZLNightThemeToolDemoTests.m in Sources */,
			);
			runOnlyForDeploymentPostprocessing = 0;
		};
/* End PBXSourcesBuildPhase section */

/* Begin PBXTargetDependency section */
		19F0C7521CA290F900936081 /* PBXTargetDependency */ = {
			isa = PBXTargetDependency;
			target = 19F0C7361CA290F900936081 /* WZLNightThemeToolDemo */;
			targetProxy = 19F0C7511CA290F900936081 /* PBXContainerItemProxy */;
		};
/* End PBXTargetDependency section */

/* Begin PBXVariantGroup section */
		19F0C7431CA290F900936081 /* Main.storyboard */ = {
			isa = PBXVariantGroup;
			children = (
				19F0C7441CA290F900936081 /* Base */,
			);
			name = Main.storyboard;
			sourceTree = "<group>";
		};
		19F0C7481CA290F900936081 /* LaunchScreen.storyboard */ = {
			isa = PBXVariantGroup;
			children = (
				19F0C7491CA290F900936081 /* Base */,
			);
			name = LaunchScreen.storyboard;
			sourceTree = "<group>";
		};
/* End PBXVariantGroup section */

/* Begin XCBuildConfiguration section */
		19F0C7571CA290F900936081 /* Debug */ = {
			isa = XCBuildConfiguration;
			buildSettings = {
				ALWAYS_SEARCH_USER_PATHS = NO;
				CLANG_CXX_LANGUAGE_STANDARD = "gnu++0x";
				CLANG_CXX_LIBRARY = "libc++";
				CLANG_ENABLE_MODULES = YES;
				CLANG_ENABLE_OBJC_ARC = YES;
				CLANG_WARN_BOOL_CONVERSION = YES;
				CLANG_WARN_CONSTANT_CONVERSION = YES;
				CLANG_WARN_DIRECT_OBJC_ISA_USAGE = YES_ERROR;
				CLANG_WARN_EMPTY_BODY = YES;
				CLANG_WARN_ENUM_CONVERSION = YES;
				CLANG_WARN_INT_CONVERSION = YES;
				CLANG_WARN_OBJC_ROOT_CLASS = YES_ERROR;
				CLANG_WARN_UNREACHABLE_CODE = YES;
				CLANG_WARN__DUPLICATE_METHOD_MATCH = YES;
				"CODE_SIGN_IDENTITY[sdk=iphoneos*]" = "iPhone Developer";
				COPY_PHASE_STRIP = NO;
				DEBUG_INFORMATION_FORMAT = dwarf;
				ENABLE_STRICT_OBJC_MSGSEND = YES;
				ENABLE_TESTABILITY = YES;
				GCC_C_LANGUAGE_STANDARD = gnu99;
				GCC_DYNAMIC_NO_PIC = NO;
				GCC_NO_COMMON_BLOCKS = YES;
				GCC_OPTIMIZATION_LEVEL = 0;
				GCC_PREPROCESSOR_DEFINITIONS = (
					"DEBUG=1",
					"$(inherited)",
				);
				GCC_WARN_64_TO_32_BIT_CONVERSION = YES;
				GCC_WARN_ABOUT_RETURN_TYPE = YES_ERROR;
				GCC_WARN_UNDECLARED_SELECTOR = YES;
				GCC_WARN_UNINITIALIZED_AUTOS = YES_AGGRESSIVE;
				GCC_WARN_UNUSED_FUNCTION = YES;
				GCC_WARN_UNUSED_VARIABLE = YES;
				IPHONEOS_DEPLOYMENT_TARGET = 9.2;
				MTL_ENABLE_DEBUG_INFO = YES;
				ONLY_ACTIVE_ARCH = YES;
				SDKROOT = iphoneos;
			};
			name = Debug;
		};
		19F0C7581CA290F900936081 /* Release */ = {
			isa = XCBuildConfiguration;
			buildSettings = {
				ALWAYS_SEARCH_USER_PATHS = NO;
				CLANG_CXX_LANGUAGE_STANDARD = "gnu++0x";
				CLANG_CXX_LIBRARY = "libc++";
				CLANG_ENABLE_MODULES = YES;
				CLANG_ENABLE_OBJC_ARC = YES;
				CLANG_WARN_BOOL_CONVERSION = YES;
				CLANG_WARN_CONSTANT_CONVERSION = YES;
				CLANG_WARN_DIRECT_OBJC_ISA_USAGE = YES_ERROR;
				CLANG_WARN_EMPTY_BODY = YES;
				CLANG_WARN_ENUM_CONVERSION = YES;
				CLANG_WARN_INT_CONVERSION = YES;
				CLANG_WARN_OBJC_ROOT_CLASS = YES_ERROR;
				CLANG_WARN_UNREACHABLE_CODE = YES;
				CLANG_WARN__DUPLICATE_METHOD_MATCH = YES;
				"CODE_SIGN_IDENTITY[sdk=iphoneos*]" = "iPhone Developer";
				COPY_PHASE_STRIP = NO;
				DEBUG_INFORMATION_FORMAT = "dwarf-with-dsym";
				ENABLE_NS_ASSERTIONS = NO;
				ENABLE_STRICT_OBJC_MSGSEND = YES;
				GCC_C_LANGUAGE_STANDARD = gnu99;
				GCC_NO_COMMON_BLOCKS = YES;
				GCC_WARN_64_TO_32_BIT_CONVERSION = YES;
				GCC_WARN_ABOUT_RETURN_TYPE = YES_ERROR;
				GCC_WARN_UNDECLARED_SELECTOR = YES;
				GCC_WARN_UNINITIALIZED_AUTOS = YES_AGGRESSIVE;
				GCC_WARN_UNUSED_FUNCTION = YES;
				GCC_WARN_UNUSED_VARIABLE = YES;
				IPHONEOS_DEPLOYMENT_TARGET = 9.2;
				MTL_ENABLE_DEBUG_INFO = NO;
				SDKROOT = iphoneos;
				VALIDATE_PRODUCT = YES;
			};
			name = Release;
		};
		19F0C75A1CA290F900936081 /* Debug */ = {
			isa = XCBuildConfiguration;
			buildSettings = {
				ASSETCATALOG_COMPILER_APPICON_NAME = AppIcon;
				GCC_PRECOMPILE_PREFIX_HEADER = YES;
				GCC_PREFIX_HEADER = "$(SRCROOT)/WZLNightThemeToolDemo/precompile.pch";
				INFOPLIST_FILE = WZLNightThemeToolDemo/Info.plist;
				IPHONEOS_DEPLOYMENT_TARGET = 7.0;
				LD_RUNPATH_SEARCH_PATHS = "$(inherited) @executable_path/Frameworks";
				PRODUCT_BUNDLE_IDENTIFIER = "com.Weng-Zilin.WZLNightThemeToolDemo";
				PRODUCT_NAME = "$(TARGET_NAME)";
			};
			name = Debug;
		};
		19F0C75B1CA290F900936081 /* Release */ = {
			isa = XCBuildConfiguration;
			buildSettings = {
				ASSETCATALOG_COMPILER_APPICON_NAME = AppIcon;
				GCC_PRECOMPILE_PREFIX_HEADER = YES;
				GCC_PREFIX_HEADER = "$(SRCROOT)/WZLNightThemeToolDemo/precompile.pch";
				INFOPLIST_FILE = WZLNightThemeToolDemo/Info.plist;
				IPHONEOS_DEPLOYMENT_TARGET = 7.0;
				LD_RUNPATH_SEARCH_PATHS = "$(inherited) @executable_path/Frameworks";
				PRODUCT_BUNDLE_IDENTIFIER = "com.Weng-Zilin.WZLNightThemeToolDemo";
				PRODUCT_NAME = "$(TARGET_NAME)";
			};
			name = Release;
		};
		19F0C75D1CA290F900936081 /* Debug */ = {
			isa = XCBuildConfiguration;
			buildSettings = {
				BUNDLE_LOADER = "$(TEST_HOST)";
				INFOPLIST_FILE = WZLNightThemeToolDemoTests/Info.plist;
				LD_RUNPATH_SEARCH_PATHS = "$(inherited) @executable_path/Frameworks @loader_path/Frameworks";
				PRODUCT_BUNDLE_IDENTIFIER = "com.Weng-Zilin.WZLNightThemeToolDemoTests";
				PRODUCT_NAME = "$(TARGET_NAME)";
				TEST_HOST = "$(BUILT_PRODUCTS_DIR)/WZLNightThemeToolDemo.app/WZLNightThemeToolDemo";
			};
			name = Debug;
		};
		19F0C75E1CA290F900936081 /* Release */ = {
			isa = XCBuildConfiguration;
			buildSettings = {
				BUNDLE_LOADER = "$(TEST_HOST)";
				INFOPLIST_FILE = WZLNightThemeToolDemoTests/Info.plist;
				LD_RUNPATH_SEARCH_PATHS = "$(inherited) @executable_path/Frameworks @loader_path/Frameworks";
				PRODUCT_BUNDLE_IDENTIFIER = "com.Weng-Zilin.WZLNightThemeToolDemoTests";
				PRODUCT_NAME = "$(TARGET_NAME)";
				TEST_HOST = "$(BUILT_PRODUCTS_DIR)/WZLNightThemeToolDemo.app/WZLNightThemeToolDemo";
			};
			name = Release;
		};
/* End XCBuildConfiguration section */

/* Begin XCConfigurationList section */
		19F0C7321CA290F900936081 /* Build configuration list for PBXProject "WZLNightThemeToolDemo" */ = {
			isa = XCConfigurationList;
			buildConfigurations = (
				19F0C7571CA290F900936081 /* Debug */,
				19F0C7581CA290F900936081 /* Release */,
			);
			defaultConfigurationIsVisible = 0;
			defaultConfigurationName = Release;
		};
		19F0C7591CA290F900936081 /* Build configuration list for PBXNativeTarget "WZLNightThemeToolDemo" */ = {
			isa = XCConfigurationList;
			buildConfigurations = (
				19F0C75A1CA290F900936081 /* Debug */,
				19F0C75B1CA290F900936081 /* Release */,
			);
			defaultConfigurationIsVisible = 0;
			defaultConfigurationName = Release;
		};
		19F0C75C1CA290F900936081 /* Build configuration list for PBXNativeTarget "WZLNightThemeToolDemoTests" */ = {
			isa = XCConfigurationList;
			buildConfigurations = (
				19F0C75D1CA290F900936081 /* Debug */,
				19F0C75E1CA290F900936081 /* Release */,
			);
			defaultConfigurationIsVisible = 0;
			defaultConfigurationName = Release;
		};
/* End XCConfigurationList section */
	};
	rootObject = 19F0C72F1CA290F900936081 /* Project object */;
}
